
Microsoft Visual Studio Solution File, Format Version 12.00
# Visual Studio Version 17
VisualStudioVersion = 17.14.36109.1 d17.14
MinimumVisualStudioVersion = 10.0.40219.1
Project("{8BC9CEB8-8B4A-11D0-8D11-00A0C91BC942}") = "Funcbeat", "Funcbeat\Funcbeat.vcxproj", "{446B7771-138C-4D16-BECF-63E73597BEB6}"
EndProject
Global
	GlobalSection(SolutionConfigurationPlatforms) = preSolution
		Debug|x64 = Debug|x64
		Debug|x86 = Debug|x86
		Release|x64 = Release|x64
		Release|x86 = Release|x86
	EndGlobalSection
	GlobalSection(ProjectConfigurationPlatforms) = postSolution
		{446B7771-138C-4D16-BECF-63E73597BEB6}.Debug|x64.ActiveCfg = Debug|x64
		{446B7771-138C-4D16-BECF-63E73597BEB6}.Debug|x64.Build.0 = Debug|x64
		{446B7771-138C-4D16-BECF-63E73597BEB6}.Debug|x86.ActiveCfg = Debug|Win32
		{446B7771-138C-4D16-BECF-63E73597BEB6}.Debug|x86.Build.0 = Debug|Win32
		{446B7771-138C-4D16-BECF-63E73597BEB6}.Release|x64.ActiveCfg = Release|x64
		{446B7771-138C-4D16-BECF-63E73597BEB6}.Release|x64.Build.0 = Release|x64
		{446B7771-138C-4D16-BECF-63E73597BEB6}.Release|x86.ActiveCfg = Release|Win32
		{446B7771-138C-4D16-BECF-63E73597BEB6}.Release|x86.Build.0 = Release|Win32
	EndGlobalSection
	GlobalSection(SolutionProperties) = preSolution
		HideSolutionNode = FALSE
	EndGlobalSection
	GlobalSection(ExtensibilityGlobals) = postSolution
		SolutionGuid = {BC869FDE-74D2-4CD0-9DB0-4D13C385EA1C}
	EndGlobalSection
EndGlobal
